
Microsoft Visual Studio Solution File, Format Version 12.00
# Visual Studio Version 17
VisualStudioVersion = 17.0.31903.59
MinimumVisualStudioVersion = 10.0.40219.1
Project("{2150E333-8FDC-42A3-9474-1A3956D46DE8}") = "src", "src", "{8018AFB2-E3F9-4D3A-B26F-289E1B216F85}"
EndProject
Project("{2150E333-8FDC-42A3-9474-1A3956D46DE8}") = "tests", "tests", "{778A97A2-1FF4-4A6D-AEAA-6B477FDC2D45}"
EndProject
Project("{2150E333-8FDC-42A3-9474-1A3956D46DE8}") = "Solution Items", "Solution Items", "{E929947C-3047-43A8-A90C-0390E9FB899E}"
	ProjectSection(SolutionItems) = preProject
		.editorconfig = .editorconfig
		.gitignore = .gitignore
		.model-env = .model-env
		docker-compose.yml = docker-compose.yml
		pull_request_template.md = pull_request_template.md
		README.md = README.md
	EndProjectSection
EndProject
Project("{9A19103F-16F7-4668-BE54-9A1E7A4F7556}") = "Prosoft.Company.Domain", "src\Prosoft.Company.Domain\Prosoft.Company.Domain.csproj", "{B3F6C129-1C03-4244-904D-11160F9F6190}"
EndProject
Project("{9A19103F-16F7-4668-BE54-9A1E7A4F7556}") = "Prosoft.Company.Repositories", "src\Prosoft.Company.Repositories\Prosoft.Company.Repositories.csproj", "{CAEF62D0-47A5-4580-B217-D87C4434062D}"
EndProject
Project("{9A19103F-16F7-4668-BE54-9A1E7A4F7556}") = "Prosoft.Company.Domain.Tests", "tests\Prosoft.Company.Domain.Tests\Prosoft.Company.Domain.Tests.csproj", "{29D8383E-D142-48E8-9A61-0059260D9952}"
EndProject
Project("{9A19103F-16F7-4668-BE54-9A1E7A4F7556}") = "Prosoft.Company.Repositories.Tests", "tests\Prosoft.Company.Repositories.Tests\Prosoft.Company.Repositories.Tests.csproj", "{F536FA07-6AA3-4211-A82C-7165E610B713}"
EndProject
Project("{9A19103F-16F7-4668-BE54-9A1E7A4F7556}") = "Prosoft.Company.WF", "src\Prosoft.Company.WF\Prosoft.Company.WF.csproj", "{2926D58F-719A-455E-8F98-126CF97D5D28}"
EndProject
Project("{9A19103F-16F7-4668-BE54-9A1E7A4F7556}") = "Prosoft.Company.IOC", "src\Prosoft.Company.IOC\Prosoft.Company.IOC.csproj", "{AF16C69F-C0B5-4C6A-A5C3-A56D874C2162}"
EndProject
Project("{2150E333-8FDC-42A3-9474-1A3956D46DE8}") = "01-Presentation", "01-Presentation", "{48262E96-16C4-48D5-9F0C-431416025571}"
EndProject
Project("{2150E333-8FDC-42A3-9474-1A3956D46DE8}") = "02-Domain", "02-Domain", "{D16A156B-AD61-4B04-A611-DE7A379F384F}"
EndProject
Project("{2150E333-8FDC-42A3-9474-1A3956D46DE8}") = "03-Infra", "03-Infra", "{48535545-4A3F-4310-886D-2E1FD3D60CFC}"
EndProject
Project("{2150E333-8FDC-42A3-9474-1A3956D46DE8}") = "03.01-Database", "03.01-Database", "{32720B2A-EAF7-4AB8-8E1E-97F37B2AE80A}"
EndProject
Project("{2150E333-8FDC-42A3-9474-1A3956D46DE8}") = "03.02-CrossCutting", "03.02-CrossCutting", "{03084730-6C3C-4671-B609-4A5AE8B82FFD}"
EndProject
Global
	GlobalSection(SolutionConfigurationPlatforms) = preSolution
		Debug|Any CPU = Debug|Any CPU
		Release|Any CPU = Release|Any CPU
	EndGlobalSection
	GlobalSection(ProjectConfigurationPlatforms) = postSolution
		{B3F6C129-1C03-4244-904D-11160F9F6190}.Debug|Any CPU.ActiveCfg = Debug|Any CPU
		{B3F6C129-1C03-4244-904D-11160F9F6190}.Debug|Any CPU.Build.0 = Debug|Any CPU
		{B3F6C129-1C03-4244-904D-11160F9F6190}.Release|Any CPU.ActiveCfg = Release|Any CPU
		{B3F6C129-1C03-4244-904D-11160F9F6190}.Release|Any CPU.Build.0 = Release|Any CPU
		{CAEF62D0-47A5-4580-B217-D87C4434062D}.Debug|Any CPU.ActiveCfg = Debug|Any CPU
		{CAEF62D0-47A5-4580-B217-D87C4434062D}.Debug|Any CPU.Build.0 = Debug|Any CPU
		{CAEF62D0-47A5-4580-B217-D87C4434062D}.Release|Any CPU.ActiveCfg = Release|Any CPU
		{CAEF62D0-47A5-4580-B217-D87C4434062D}.Release|Any CPU.Build.0 = Release|Any CPU
		{29D8383E-D142-48E8-9A61-0059260D9952}.Debug|Any CPU.ActiveCfg = Debug|Any CPU
		{29D8383E-D142-48E8-9A61-0059260D9952}.Debug|Any CPU.Build.0 = Debug|Any CPU
		{29D8383E-D142-48E8-9A61-0059260D9952}.Release|Any CPU.ActiveCfg = Release|Any CPU
		{29D8383E-D142-48E8-9A61-0059260D9952}.Release|Any CPU.Build.0 = Release|Any CPU
		{F536FA07-6AA3-4211-A82C-7165E610B713}.Debug|Any CPU.ActiveCfg = Debug|Any CPU
		{F536FA07-6AA3-4211-A82C-7165E610B713}.Debug|Any CPU.Build.0 = Debug|Any CPU
		{F536FA07-6AA3-4211-A82C-7165E610B713}.Release|Any CPU.ActiveCfg = Release|Any CPU
		{F536FA07-6AA3-4211-A82C-7165E610B713}.Release|Any CPU.Build.0 = Release|Any CPU
		{2926D58F-719A-455E-8F98-126CF97D5D28}.Debug|Any CPU.ActiveCfg = Debug|Any CPU
		{2926D58F-719A-455E-8F98-126CF97D5D28}.Debug|Any CPU.Build.0 = Debug|Any CPU
		{2926D58F-719A-455E-8F98-126CF97D5D28}.Release|Any CPU.ActiveCfg = Release|Any CPU
		{2926D58F-719A-455E-8F98-126CF97D5D28}.Release|Any CPU.Build.0 = Release|Any CPU
		{AF16C69F-C0B5-4C6A-A5C3-A56D874C2162}.Debug|Any CPU.ActiveCfg = Debug|Any CPU
		{AF16C69F-C0B5-4C6A-A5C3-A56D874C2162}.Debug|Any CPU.Build.0 = Debug|Any CPU
		{AF16C69F-C0B5-4C6A-A5C3-A56D874C2162}.Release|Any CPU.ActiveCfg = Release|Any CPU
		{AF16C69F-C0B5-4C6A-A5C3-A56D874C2162}.Release|Any CPU.Build.0 = Release|Any CPU
	EndGlobalSection
	GlobalSection(SolutionProperties) = preSolution
		HideSolutionNode = FALSE
	EndGlobalSection
	GlobalSection(NestedProjects) = preSolution
		{B3F6C129-1C03-4244-904D-11160F9F6190} = {D16A156B-AD61-4B04-A611-DE7A379F384F}
		{CAEF62D0-47A5-4580-B217-D87C4434062D} = {32720B2A-EAF7-4AB8-8E1E-97F37B2AE80A}
		{29D8383E-D142-48E8-9A61-0059260D9952} = {778A97A2-1FF4-4A6D-AEAA-6B477FDC2D45}
		{F536FA07-6AA3-4211-A82C-7165E610B713} = {778A97A2-1FF4-4A6D-AEAA-6B477FDC2D45}
		{2926D58F-719A-455E-8F98-126CF97D5D28} = {48262E96-16C4-48D5-9F0C-431416025571}
		{AF16C69F-C0B5-4C6A-A5C3-A56D874C2162} = {03084730-6C3C-4671-B609-4A5AE8B82FFD}
		{48262E96-16C4-48D5-9F0C-431416025571} = {8018AFB2-E3F9-4D3A-B26F-289E1B216F85}
		{D16A156B-AD61-4B04-A611-DE7A379F384F} = {8018AFB2-E3F9-4D3A-B26F-289E1B216F85}
		{48535545-4A3F-4310-886D-2E1FD3D60CFC} = {8018AFB2-E3F9-4D3A-B26F-289E1B216F85}
		{32720B2A-EAF7-4AB8-8E1E-97F37B2AE80A} = {48535545-4A3F-4310-886D-2E1FD3D60CFC}
		{03084730-6C3C-4671-B609-4A5AE8B82FFD} = {48535545-4A3F-4310-886D-2E1FD3D60CFC}
	EndGlobalSection
	GlobalSection(ExtensibilityGlobals) = postSolution
		SolutionGuid = {3662E01F-A6B2-49C5-896A-87FFFA160EA0}
	EndGlobalSection
EndGlobal
